
Microsoft Visual Studio Solution File, Format Version 12.00
# Visual Studio Version 16
VisualStudioVersion = 16.0.29001.49
MinimumVisualStudioVersion = 10.0.40219.1
Project("{FAE04EC0-301F-11D3-BF4B-00C04F79EFBC}") = "FirstWebSiteCop", "FirstWebSiteCop\FirstWebSiteCop.csproj", "{6987DF64-A8AB-4D3E-9C99-4F3C4142B18C}"
EndProject
Global
	GlobalSection(SolutionConfigurationPlatforms) = preSolution
		Debug|Any CPU = Debug|Any CPU
		Release|Any CPU = Release|Any CPU
	EndGlobalSection
	GlobalSection(ProjectConfigurationPlatforms) = postSolution
		{6987DF64-A8AB-4D3E-9C99-4F3C4142B18C}.Debug|Any CPU.ActiveCfg = Debug|Any CPU
		{6987DF64-A8AB-4D3E-9C99-4F3C4142B18C}.Debug|Any CPU.Build.0 = Debug|Any CPU
		{6987DF64-A8AB-4D3E-9C99-4F3C4142B18C}.Release|Any CPU.ActiveCfg = Release|Any CPU
		{6987DF64-A8AB-4D3E-9C99-4F3C4142B18C}.Release|Any CPU.Build.0 = Release|Any CPU
	EndGlobalSection
	GlobalSection(SolutionProperties) = preSolution
		HideSolutionNode = FALSE
	EndGlobalSection
	GlobalSection(ExtensibilityGlobals) = postSolution
		SolutionGuid = {79CD5C38-8B25-4372-9A96-F7D137352255}
	EndGlobalSection
EndGlobal
